
Microsoft Visual Studio Solution File, Format Version 12.00
# Visual Studio Version 17
VisualStudioVersion = 17.7.33913.275
MinimumVisualStudioVersion = 10.0.40219.1
Project("{FAE04EC0-301F-11D3-BF4B-00C04F79EFBC}") = "PartialViewDemo", "PartialViewDemo\PartialViewDemo.csproj", "{881F1A24-DCA1-451F-89C8-EAAB48D770D3}"
EndProject
Global
	GlobalSection(SolutionConfigurationPlatforms) = preSolution
		Debug|Any CPU = Debug|Any CPU
		Release|Any CPU = Release|Any CPU
	EndGlobalSection
	GlobalSection(ProjectConfigurationPlatforms) = postSolution
		{881F1A24-DCA1-451F-89C8-EAAB48D770D3}.Debug|Any CPU.ActiveCfg = Debug|Any CPU
		{881F1A24-DCA1-451F-89C8-EAAB48D770D3}.Debug|Any CPU.Build.0 = Debug|Any CPU
		{881F1A24-DCA1-451F-89C8-EAAB48D770D3}.Release|Any CPU.ActiveCfg = Release|Any CPU
		{881F1A24-DCA1-451F-89C8-EAAB48D770D3}.Release|Any CPU.Build.0 = Release|Any CPU
	EndGlobalSection
	GlobalSection(SolutionProperties) = preSolution
		HideSolutionNode = FALSE
	EndGlobalSection
	GlobalSection(ExtensibilityGlobals) = postSolution
		SolutionGuid = {9DD3B39E-03D2-4511-9FC1-1039C36E71F4}
	EndGlobalSection
EndGlobal
